
Microsoft Visual Studio Solution File, Format Version 12.00
# Visual Studio Version 17
VisualStudioVersion = 17.5.33414.496
MinimumVisualStudioVersion = 10.0.40219.1
Project("{9A19103F-16F7-4668-BE54-9A1E7A4F7556}") = "VIPS", "VIPS\VIPS.csproj", "{96F4642C-689A-4465-9AE7-9C05FFC2850B}"
EndProject
Project("{FAE04EC0-301F-11D3-BF4B-00C04F79EFBC}") = "VIPS.Common", "ClassLibrary1\VIPS.Common.csproj", "{F9DA2B72-F137-4BF2-A02B-DCCDC8EBEA84}"
EndProject
Project("{FAE04EC0-301F-11D3-BF4B-00C04F79EFBC}") = "VIPS.Repositories", "ClassLibrary2\VIPS.Repositories.csproj", "{2C669FF2-FE28-46F9-BAD9-9E899A914DDB}"
EndProject
Project("{00D1A9C2-B5F0-4AF3-8072-F6C62B433612}") = "VIPS.Database", "VIPS.Database\VIPS.Database.sqlproj", "{C2F126C3-DF98-43BE-9FAA-A471071F8F3E}"
EndProject
Global
	GlobalSection(SolutionConfigurationPlatforms) = preSolution
		Debug|Any CPU = Debug|Any CPU
		Release|Any CPU = Release|Any CPU
	EndGlobalSection
	GlobalSection(ProjectConfigurationPlatforms) = postSolution
		{96F4642C-689A-4465-9AE7-9C05FFC2850B}.Debug|Any CPU.ActiveCfg = Debug|Any CPU
		{96F4642C-689A-4465-9AE7-9C05FFC2850B}.Debug|Any CPU.Build.0 = Debug|Any CPU
		{96F4642C-689A-4465-9AE7-9C05FFC2850B}.Release|Any CPU.ActiveCfg = Release|Any CPU
		{96F4642C-689A-4465-9AE7-9C05FFC2850B}.Release|Any CPU.Build.0 = Release|Any CPU
		{F9DA2B72-F137-4BF2-A02B-DCCDC8EBEA84}.Debug|Any CPU.ActiveCfg = Debug|Any CPU
		{F9DA2B72-F137-4BF2-A02B-DCCDC8EBEA84}.Debug|Any CPU.Build.0 = Debug|Any CPU
		{F9DA2B72-F137-4BF2-A02B-DCCDC8EBEA84}.Release|Any CPU.ActiveCfg = Release|Any CPU
		{F9DA2B72-F137-4BF2-A02B-DCCDC8EBEA84}.Release|Any CPU.Build.0 = Release|Any CPU
		{2C669FF2-FE28-46F9-BAD9-9E899A914DDB}.Debug|Any CPU.ActiveCfg = Debug|Any CPU
		{2C669FF2-FE28-46F9-BAD9-9E899A914DDB}.Debug|Any CPU.Build.0 = Debug|Any CPU
		{2C669FF2-FE28-46F9-BAD9-9E899A914DDB}.Release|Any CPU.ActiveCfg = Release|Any CPU
		{2C669FF2-FE28-46F9-BAD9-9E899A914DDB}.Release|Any CPU.Build.0 = Release|Any CPU
		{C2F126C3-DF98-43BE-9FAA-A471071F8F3E}.Debug|Any CPU.ActiveCfg = Debug|Any CPU
		{C2F126C3-DF98-43BE-9FAA-A471071F8F3E}.Debug|Any CPU.Build.0 = Debug|Any CPU
		{C2F126C3-DF98-43BE-9FAA-A471071F8F3E}.Debug|Any CPU.Deploy.0 = Debug|Any CPU
		{C2F126C3-DF98-43BE-9FAA-A471071F8F3E}.Release|Any CPU.ActiveCfg = Release|Any CPU
		{C2F126C3-DF98-43BE-9FAA-A471071F8F3E}.Release|Any CPU.Build.0 = Release|Any CPU
		{C2F126C3-DF98-43BE-9FAA-A471071F8F3E}.Release|Any CPU.Deploy.0 = Release|Any CPU
	EndGlobalSection
	GlobalSection(SolutionProperties) = preSolution
		HideSolutionNode = FALSE
	EndGlobalSection
	GlobalSection(ExtensibilityGlobals) = postSolution
		SolutionGuid = {406DDBAC-9456-45F6-B17A-BE16E85CD2D7}
	EndGlobalSection
EndGlobal
