
Microsoft Visual Studio Solution File, Format Version 12.00
# Visual Studio Version 17
VisualStudioVersion = 17.6.33723.286
MinimumVisualStudioVersion = 10.0.40219.1
Project("{FAE04EC0-301F-11D3-BF4B-00C04F79EFBC}") = "VIPS", "VIPS\VIPS.csproj", "{3412ACFB-B401-434C-87BC-E70156B403A2}"
EndProject
Global
	GlobalSection(SolutionConfigurationPlatforms) = preSolution
		Debug|Any CPU = Debug|Any CPU
		Release|Any CPU = Release|Any CPU
	EndGlobalSection
	GlobalSection(ProjectConfigurationPlatforms) = postSolution
		{3412ACFB-B401-434C-87BC-E70156B403A2}.Debug|Any CPU.ActiveCfg = Debug|Any CPU
		{3412ACFB-B401-434C-87BC-E70156B403A2}.Debug|Any CPU.Build.0 = Debug|Any CPU
		{3412ACFB-B401-434C-87BC-E70156B403A2}.Release|Any CPU.ActiveCfg = Release|Any CPU
		{3412ACFB-B401-434C-87BC-E70156B403A2}.Release|Any CPU.Build.0 = Release|Any CPU
	EndGlobalSection
	GlobalSection(SolutionProperties) = preSolution
		HideSolutionNode = FALSE
	EndGlobalSection
	GlobalSection(ExtensibilityGlobals) = postSolution
		SolutionGuid = {7F1DC590-C709-4228-AFD1-9E3DF1862AC6}
	EndGlobalSection
EndGlobal
